Microsoft Visual Studio Solution File, Format Version 12.00
# Visual Studio 15
VisualStudioVersion = 15.0.26621.2
MinimumVisualStudioVersion = 15.0.26124.0
Project("{2150E333-8FDC-42A3-9474-1A3956D46DE8}") = "src", "src", "{B758E5C9-17EB-4104-A85D-BBCB9B53F960}"
EndProject
Project("{9A19103F-16F7-4668-BE54-9A1E7A4F7556}") = "Commander.Annotations", "src\Commander.Annotations\Commander.Annotations.csproj", "{79A064FA-6622-46F8-95E1-D23535E7F1A1}"
EndProject
Project("{9A19103F-16F7-4668-BE54-9A1E7A4F7556}") = "Nuget", "src\NuGet\Nuget.csproj", "{AA23C12C-CD6C-4C43-B0F2-3D9C73E13E48}"
EndProject
Project("{9A19103F-16F7-4668-BE54-9A1E7A4F7556}") = "Commander.Fody", "src\Commander.Fody\Commander.Fody.csproj", "{1EA71AB8-42BD-4B5C-AF38-B9B61150DBBF}"
EndProject
Project("{2150E333-8FDC-42A3-9474-1A3956D46DE8}") = ".solution", ".solution", "{868D63CB-3C72-4CAA-8467-D515B28930E4}"
	ProjectSection(SolutionItems) = preProject
		.gitignore = .gitignore
		CommonAssemblyInfo.cs = CommonAssemblyInfo.cs
		global.json = global.json
		nuget.config = nuget.config
		README.md = README.md
	EndProjectSection
EndProject
Project("{2150E333-8FDC-42A3-9474-1A3956D46DE8}") = "test", "test", "{1C32F12C-4398-4D71-A901-71671F39B80F}"
EndProject
Project("{2150E333-8FDC-42A3-9474-1A3956D46DE8}") = "TestAssemblies", "TestAssemblies", "{7DD600E0-0CC3-4666-A9FB-6F50BE7338E4}"
EndProject
Project("{9A19103F-16F7-4668-BE54-9A1E7A4F7556}") = "Commander.Fody.Tests", "test\Commander.Fody.Tests\Commander.Fody.Tests.csproj", "{77A48C0F-44F3-439E-AB9D-FD4E3A1A7E30}"
	ProjectSection(ProjectDependencies) = postProject
		{7FEAEC4A-FAD6-4C0E-A4B6-7840FF02E70B} = {7FEAEC4A-FAD6-4C0E-A4B6-7840FF02E70B}
		{6E7238AC-759B-40F6-97C8-7FC32554900E} = {6E7238AC-759B-40F6-97C8-7FC32554900E}
	EndProjectSection
EndProject
Project("{9A19103F-16F7-4668-BE54-9A1E7A4F7556}") = "AssemblyToProcess", "TestAssemblies\AssemblyToProcess\AssemblyToProcess.csproj", "{6E7238AC-759B-40F6-97C8-7FC32554900E}"
EndProject
Project("{FAE04EC0-301F-11D3-BF4B-00C04F79EFBC}") = "WpfMvvmSample", "TestAssemblies\WpfMvvmSample\WpfMvvmSample.csproj", "{7FEAEC4A-FAD6-4C0E-A4B6-7840FF02E70B}"
EndProject
Global
	GlobalSection(SolutionConfigurationPlatforms) = preSolution
		Debug|Any CPU = Debug|Any CPU
		Debug|x64 = Debug|x64
		Debug|x86 = Debug|x86
		Release|Any CPU = Release|Any CPU
		Release|x64 = Release|x64
		Release|x86 = Release|x86
	EndGlobalSection
	GlobalSection(ProjectConfigurationPlatforms) = postSolution
		{79A064FA-6622-46F8-95E1-D23535E7F1A1}.Debug|Any CPU.ActiveCfg = Debug|Any CPU
		{79A064FA-6622-46F8-95E1-D23535E7F1A1}.Debug|Any CPU.Build.0 = Debug|Any CPU
		{79A064FA-6622-46F8-95E1-D23535E7F1A1}.Debug|x64.ActiveCfg = Debug|Any CPU
		{79A064FA-6622-46F8-95E1-D23535E7F1A1}.Debug|x64.Build.0 = Debug|Any CPU
		{79A064FA-6622-46F8-95E1-D23535E7F1A1}.Debug|x86.ActiveCfg = Debug|Any CPU
		{79A064FA-6622-46F8-95E1-D23535E7F1A1}.Debug|x86.Build.0 = Debug|Any CPU
		{79A064FA-6622-46F8-95E1-D23535E7F1A1}.Release|Any CPU.ActiveCfg = Release|Any CPU
		{79A064FA-6622-46F8-95E1-D23535E7F1A1}.Release|Any CPU.Build.0 = Release|Any CPU
		{79A064FA-6622-46F8-95E1-D23535E7F1A1}.Release|x64.ActiveCfg = Release|Any CPU
		{79A064FA-6622-46F8-95E1-D23535E7F1A1}.Release|x64.Build.0 = Release|Any CPU
		{79A064FA-6622-46F8-95E1-D23535E7F1A1}.Release|x86.ActiveCfg = Release|Any CPU
		{79A064FA-6622-46F8-95E1-D23535E7F1A1}.Release|x86.Build.0 = Release|Any CPU
		{AA23C12C-CD6C-4C43-B0F2-3D9C73E13E48}.Debug|Any CPU.ActiveCfg = Debug|Any CPU
		{AA23C12C-CD6C-4C43-B0F2-3D9C73E13E48}.Debug|Any CPU.Build.0 = Debug|Any CPU
		{AA23C12C-CD6C-4C43-B0F2-3D9C73E13E48}.Debug|x64.ActiveCfg = Debug|Any CPU
		{AA23C12C-CD6C-4C43-B0F2-3D9C73E13E48}.Debug|x64.Build.0 = Debug|Any CPU
		{AA23C12C-CD6C-4C43-B0F2-3D9C73E13E48}.Debug|x86.ActiveCfg = Debug|Any CPU
		{AA23C12C-CD6C-4C43-B0F2-3D9C73E13E48}.Debug|x86.Build.0 = Debug|Any CPU
		{AA23C12C-CD6C-4C43-B0F2-3D9C73E13E48}.Release|Any CPU.ActiveCfg = Release|Any CPU
		{AA23C12C-CD6C-4C43-B0F2-3D9C73E13E48}.Release|Any CPU.Build.0 = Release|Any CPU
		{AA23C12C-CD6C-4C43-B0F2-3D9C73E13E48}.Release|x64.ActiveCfg = Release|Any CPU
		{AA23C12C-CD6C-4C43-B0F2-3D9C73E13E48}.Release|x64.Build.0 = Release|Any CPU
		{AA23C12C-CD6C-4C43-B0F2-3D9C73E13E48}.Release|x86.ActiveCfg = Release|Any CPU
		{AA23C12C-CD6C-4C43-B0F2-3D9C73E13E48}.Release|x86.Build.0 = Release|Any CPU
		{1EA71AB8-42BD-4B5C-AF38-B9B61150DBBF}.Debug|Any CPU.ActiveCfg = Debug|Any CPU
		{1EA71AB8-42BD-4B5C-AF38-B9B61150DBBF}.Debug|Any CPU.Build.0 = Debug|Any CPU
		{1EA71AB8-42BD-4B5C-AF38-B9B61150DBBF}.Debug|x64.ActiveCfg = Debug|Any CPU
		{1EA71AB8-42BD-4B5C-AF38-B9B61150DBBF}.Debug|x64.Build.0 = Debug|Any CPU
		{1EA71AB8-42BD-4B5C-AF38-B9B61150DBBF}.Debug|x86.ActiveCfg = Debug|Any CPU
		{1EA71AB8-42BD-4B5C-AF38-B9B61150DBBF}.Debug|x86.Build.0 = Debug|Any CPU
		{1EA71AB8-42BD-4B5C-AF38-B9B61150DBBF}.Release|Any CPU.ActiveCfg = Release|Any CPU
		{1EA71AB8-42BD-4B5C-AF38-B9B61150DBBF}.Release|Any CPU.Build.0 = Release|Any CPU
		{1EA71AB8-42BD-4B5C-AF38-B9B61150DBBF}.Release|x64.ActiveCfg = Release|Any CPU
		{1EA71AB8-42BD-4B5C-AF38-B9B61150DBBF}.Release|x64.Build.0 = Release|Any CPU
		{1EA71AB8-42BD-4B5C-AF38-B9B61150DBBF}.Release|x86.ActiveCfg = Release|Any CPU
		{1EA71AB8-42BD-4B5C-AF38-B9B61150DBBF}.Release|x86.Build.0 = Release|Any CPU
		{77A48C0F-44F3-439E-AB9D-FD4E3A1A7E30}.Debug|Any CPU.ActiveCfg = Debug|Any CPU
		{77A48C0F-44F3-439E-AB9D-FD4E3A1A7E30}.Debug|Any CPU.Build.0 = Debug|Any CPU
		{77A48C0F-44F3-439E-AB9D-FD4E3A1A7E30}.Debug|x64.ActiveCfg = Debug|Any CPU
		{77A48C0F-44F3-439E-AB9D-FD4E3A1A7E30}.Debug|x64.Build.0 = Debug|Any CPU
		{77A48C0F-44F3-439E-AB9D-FD4E3A1A7E30}.Debug|x86.ActiveCfg = Debug|Any CPU
		{77A48C0F-44F3-439E-AB9D-FD4E3A1A7E30}.Debug|x86.Build.0 = Debug|Any CPU
		{77A48C0F-44F3-439E-AB9D-FD4E3A1A7E30}.Release|Any CPU.ActiveCfg = Release|Any CPU
		{77A48C0F-44F3-439E-AB9D-FD4E3A1A7E30}.Release|Any CPU.Build.0 = Release|Any CPU
		{77A48C0F-44F3-439E-AB9D-FD4E3A1A7E30}.Release|x64.ActiveCfg = Release|Any CPU
		{77A48C0F-44F3-439E-AB9D-FD4E3A1A7E30}.Release|x64.Build.0 = Release|Any CPU
		{77A48C0F-44F3-439E-AB9D-FD4E3A1A7E30}.Release|x86.ActiveCfg = Release|Any CPU
		{77A48C0F-44F3-439E-AB9D-FD4E3A1A7E30}.Release|x86.Build.0 = Release|Any CPU
		{6E7238AC-759B-40F6-97C8-7FC32554900E}.Debug|Any CPU.ActiveCfg = Debug|Any CPU
		{6E7238AC-759B-40F6-97C8-7FC32554900E}.Debug|Any CPU.Build.0 = Debug|Any CPU
		{6E7238AC-759B-40F6-97C8-7FC32554900E}.Debug|x64.ActiveCfg = Debug|Any CPU
		{6E7238AC-759B-40F6-97C8-7FC32554900E}.Debug|x64.Build.0 = Debug|Any CPU
		{6E7238AC-759B-40F6-97C8-7FC32554900E}.Debug|x86.ActiveCfg = Debug|Any CPU
		{6E7238AC-759B-40F6-97C8-7FC32554900E}.Debug|x86.Build.0 = Debug|Any CPU
		{6E7238AC-759B-40F6-97C8-7FC32554900E}.Release|Any CPU.ActiveCfg = Release|Any CPU
		{6E7238AC-759B-40F6-97C8-7FC32554900E}.Release|Any CPU.Build.0 = Release|Any CPU
		{6E7238AC-759B-40F6-97C8-7FC32554900E}.Release|x64.ActiveCfg = Release|Any CPU
		{6E7238AC-759B-40F6-97C8-7FC32554900E}.Release|x64.Build.0 = Release|Any CPU
		{6E7238AC-759B-40F6-97C8-7FC32554900E}.Release|x86.ActiveCfg = Release|Any CPU
		{6E7238AC-759B-40F6-97C8-7FC32554900E}.Release|x86.Build.0 = Release|Any CPU
		{7FEAEC4A-FAD6-4C0E-A4B6-7840FF02E70B}.Debug|Any CPU.ActiveCfg = Debug|Any CPU
		{7FEAEC4A-FAD6-4C0E-A4B6-7840FF02E70B}.Debug|Any CPU.Build.0 = Debug|Any CPU
		{7FEAEC4A-FAD6-4C0E-A4B6-7840FF02E70B}.Debug|x64.ActiveCfg = Debug|Any CPU
		{7FEAEC4A-FAD6-4C0E-A4B6-7840FF02E70B}.Debug|x64.Build.0 = Debug|Any CPU
		{7FEAEC4A-FAD6-4C0E-A4B6-7840FF02E70B}.Debug|x86.ActiveCfg = Debug|Any CPU
		{7FEAEC4A-FAD6-4C0E-A4B6-7840FF02E70B}.Debug|x86.Build.0 = Debug|Any CPU
		{7FEAEC4A-FAD6-4C0E-A4B6-7840FF02E70B}.Release|Any CPU.ActiveCfg = Release|Any CPU
		{7FEAEC4A-FAD6-4C0E-A4B6-7840FF02E70B}.Release|Any CPU.Build.0 = Release|Any CPU
		{7FEAEC4A-FAD6-4C0E-A4B6-7840FF02E70B}.Release|x64.ActiveCfg = Release|Any CPU
		{7FEAEC4A-FAD6-4C0E-A4B6-7840FF02E70B}.Release|x64.Build.0 = Release|Any CPU
		{7FEAEC4A-FAD6-4C0E-A4B6-7840FF02E70B}.Release|x86.ActiveCfg = Release|Any CPU
		{7FEAEC4A-FAD6-4C0E-A4B6-7840FF02E70B}.Release|x86.Build.0 = Release|Any CPU
	EndGlobalSection
	GlobalSection(SolutionProperties) = preSolution
		HideSolutionNode = FALSE
	EndGlobalSection
	GlobalSection(NestedProjects) = preSolution
		{79A064FA-6622-46F8-95E1-D23535E7F1A1} = {B758E5C9-17EB-4104-A85D-BBCB9B53F960}
		{AA23C12C-CD6C-4C43-B0F2-3D9C73E13E48} = {B758E5C9-17EB-4104-A85D-BBCB9B53F960}
		{1EA71AB8-42BD-4B5C-AF38-B9B61150DBBF} = {B758E5C9-17EB-4104-A85D-BBCB9B53F960}
		{77A48C0F-44F3-439E-AB9D-FD4E3A1A7E30} = {1C32F12C-4398-4D71-A901-71671F39B80F}
		{6E7238AC-759B-40F6-97C8-7FC32554900E} = {7DD600E0-0CC3-4666-A9FB-6F50BE7338E4}
		{7FEAEC4A-FAD6-4C0E-A4B6-7840FF02E70B} = {7DD600E0-0CC3-4666-A9FB-6F50BE7338E4}
	EndGlobalSection
	GlobalSection(ExtensibilityGlobals) = postSolution
		SolutionGuid = {86407561-1A27-4240-8EAE-371D6A449D39}
	EndGlobalSection
EndGlobal
