
Microsoft Visual Studio Solution File, Format Version 12.00
# Visual Studio 2012
Project("{FAE04EC0-301F-11D3-BF4B-00C04F79EFBC}") = "Fody", "Fody\Fody.csproj", "{D2B2DD97-8D91-4CD7-8820-C76FE5F20E71}"
EndProject
Project("{FAE04EC0-301F-11D3-BF4B-00C04F79EFBC}") = "Tests", "Tests\Tests.csproj", "{76DDAF2D-8652-4412-BD6B-1F2214589B1B}"
EndProject
Project("{2150E333-8FDC-42A3-9474-1A3956D46DE8}") = "TestAssemblies", "TestAssemblies", "{D462C517-68B6-4BBC-9F79-816EF4DF4580}"
EndProject
Project("{FAE04EC0-301F-11D3-BF4B-00C04F79EFBC}") = "AssemblyToProcessDotNet4", "TestAssemblies\AssemblyToProcess\AssemblyToProcessDotNet4.csproj", "{6E7238AC-759B-40F6-97C8-7FC32554900E}"
EndProject
Project("{FAE04EC0-301F-11D3-BF4B-00C04F79EFBC}") = "AssemblyWithDelegateCommandDotNet4", "TestAssemblies\AssemblyWithDelegateCommand\AssemblyWithDelegateCommandDotNet4.csproj", "{F1E40E1D-F62F-4FB3-8910-6B6D90C1D9C5}"
EndProject
Project("{FAE04EC0-301F-11D3-BF4B-00C04F79EFBC}") = "Nuget", "NuGet\Nuget.csproj", "{63786CE5-D899-43DF-AD4E-C2CA3BAC3FC2}"
EndProject
Global
	GlobalSection(SolutionConfigurationPlatforms) = preSolution
		Debug|Any CPU = Debug|Any CPU
		Deployable|Any CPU = Deployable|Any CPU
		Release|Any CPU = Release|Any CPU
	EndGlobalSection
	GlobalSection(ProjectConfigurationPlatforms) = postSolution
		{D2B2DD97-8D91-4CD7-8820-C76FE5F20E71}.Debug|Any CPU.ActiveCfg = Debug|Any CPU
		{D2B2DD97-8D91-4CD7-8820-C76FE5F20E71}.Debug|Any CPU.Build.0 = Debug|Any CPU
		{D2B2DD97-8D91-4CD7-8820-C76FE5F20E71}.Deployable|Any CPU.ActiveCfg = Debug|Any CPU
		{D2B2DD97-8D91-4CD7-8820-C76FE5F20E71}.Deployable|Any CPU.Build.0 = Debug|Any CPU
		{D2B2DD97-8D91-4CD7-8820-C76FE5F20E71}.Release|Any CPU.ActiveCfg = Release|Any CPU
		{D2B2DD97-8D91-4CD7-8820-C76FE5F20E71}.Release|Any CPU.Build.0 = Release|Any CPU
		{76DDAF2D-8652-4412-BD6B-1F2214589B1B}.Debug|Any CPU.ActiveCfg = Debug|Any CPU
		{76DDAF2D-8652-4412-BD6B-1F2214589B1B}.Debug|Any CPU.Build.0 = Debug|Any CPU
		{76DDAF2D-8652-4412-BD6B-1F2214589B1B}.Deployable|Any CPU.ActiveCfg = Debug|Any CPU
		{76DDAF2D-8652-4412-BD6B-1F2214589B1B}.Deployable|Any CPU.Build.0 = Debug|Any CPU
		{76DDAF2D-8652-4412-BD6B-1F2214589B1B}.Release|Any CPU.ActiveCfg = Release|Any CPU
		{76DDAF2D-8652-4412-BD6B-1F2214589B1B}.Release|Any CPU.Build.0 = Release|Any CPU
		{6E7238AC-759B-40F6-97C8-7FC32554900E}.Debug|Any CPU.ActiveCfg = Debug|Any CPU
		{6E7238AC-759B-40F6-97C8-7FC32554900E}.Debug|Any CPU.Build.0 = Debug|Any CPU
		{6E7238AC-759B-40F6-97C8-7FC32554900E}.Deployable|Any CPU.ActiveCfg = Debug|Any CPU
		{6E7238AC-759B-40F6-97C8-7FC32554900E}.Deployable|Any CPU.Build.0 = Debug|Any CPU
		{6E7238AC-759B-40F6-97C8-7FC32554900E}.Release|Any CPU.ActiveCfg = Release|Any CPU
		{6E7238AC-759B-40F6-97C8-7FC32554900E}.Release|Any CPU.Build.0 = Release|Any CPU
		{F1E40E1D-F62F-4FB3-8910-6B6D90C1D9C5}.Debug|Any CPU.ActiveCfg = Debug|Any CPU
		{F1E40E1D-F62F-4FB3-8910-6B6D90C1D9C5}.Debug|Any CPU.Build.0 = Debug|Any CPU
		{F1E40E1D-F62F-4FB3-8910-6B6D90C1D9C5}.Deployable|Any CPU.ActiveCfg = Debug|Any CPU
		{F1E40E1D-F62F-4FB3-8910-6B6D90C1D9C5}.Deployable|Any CPU.Build.0 = Debug|Any CPU
		{F1E40E1D-F62F-4FB3-8910-6B6D90C1D9C5}.Release|Any CPU.ActiveCfg = Release|Any CPU
		{F1E40E1D-F62F-4FB3-8910-6B6D90C1D9C5}.Release|Any CPU.Build.0 = Release|Any CPU
		{63786CE5-D899-43DF-AD4E-C2CA3BAC3FC2}.Debug|Any CPU.ActiveCfg = Debug|Any CPU
		{63786CE5-D899-43DF-AD4E-C2CA3BAC3FC2}.Debug|Any CPU.Build.0 = Debug|Any CPU
		{63786CE5-D899-43DF-AD4E-C2CA3BAC3FC2}.Deployable|Any CPU.ActiveCfg = Deployable|Any CPU
		{63786CE5-D899-43DF-AD4E-C2CA3BAC3FC2}.Deployable|Any CPU.Build.0 = Deployable|Any CPU
		{63786CE5-D899-43DF-AD4E-C2CA3BAC3FC2}.Release|Any CPU.ActiveCfg = Release|Any CPU
		{63786CE5-D899-43DF-AD4E-C2CA3BAC3FC2}.Release|Any CPU.Build.0 = Release|Any CPU
	EndGlobalSection
	GlobalSection(SolutionProperties) = preSolution
		HideSolutionNode = FALSE
	EndGlobalSection
	GlobalSection(NestedProjects) = preSolution
		{6E7238AC-759B-40F6-97C8-7FC32554900E} = {D462C517-68B6-4BBC-9F79-816EF4DF4580}
		{F1E40E1D-F62F-4FB3-8910-6B6D90C1D9C5} = {D462C517-68B6-4BBC-9F79-816EF4DF4580}
	EndGlobalSection
EndGlobal
