
Microsoft Visual Studio Solution File, Format Version 12.00
# Visual Studio 2012
Project("{FAE04EC0-301F-11D3-BF4B-00C04F79EFBC}") = "Fody", "Fody\Fody.csproj", "{D2B2DD97-8D91-4CD7-8820-C76FE5F20E71}"
EndProject
Project("{FAE04EC0-301F-11D3-BF4B-00C04F79EFBC}") = "Tests", "Tests\Tests.csproj", "{76DDAF2D-8652-4412-BD6B-1F2214589B1B}"
EndProject
Project("{2150E333-8FDC-42A3-9474-1A3956D46DE8}") = "TestAssemblies", "TestAssemblies", "{D462C517-68B6-4BBC-9F79-816EF4DF4580}"
EndProject
Project("{FAE04EC0-301F-11D3-BF4B-00C04F79EFBC}") = "AssemblyToProcessDotNet4", "TestAssemblies\AssemblyToProcess\AssemblyToProcessDotNet4.csproj", "{6E7238AC-759B-40F6-97C8-7FC32554900E}"
EndProject
Project("{FAE04EC0-301F-11D3-BF4B-00C04F79EFBC}") = "AssemblyWithDelegateCommandDotNet4", "TestAssemblies\AssemblyWithDelegateCommand\AssemblyWithDelegateCommandDotNet4.csproj", "{F1E40E1D-F62F-4FB3-8910-6B6D90C1D9C5}"
EndProject
Project("{FAE04EC0-301F-11D3-BF4B-00C04F79EFBC}") = "Nuget", "NuGet\Nuget.csproj", "{63786CE5-D899-43DF-AD4E-C2CA3BAC3FC2}"
EndProject
Project("{FAE04EC0-301F-11D3-BF4B-00C04F79EFBC}") = "WpfMvvmSample", "TestAssemblies\WpfMvvmSample\WpfMvvmSample.csproj", "{7FEAEC4A-FAD6-4C0E-A4B6-7840FF02E70B}"
EndProject
Project("{FAE04EC0-301F-11D3-BF4B-00C04F79EFBC}") = "Commander", "Commander\Commander.csproj", "{5E21535F-27C7-41A5-8831-4276723A4397}"
EndProject
Project("{FAE04EC0-301F-11D3-BF4B-00C04F79EFBC}") = "AssemblyToProcessPhone8", "TestAssemblies\AssemblyToProcessPhone8\AssemblyToProcessPhone8.csproj", "{C977ED45-DF52-46BE-B889-B01113472751}"
EndProject
Global
	GlobalSection(SolutionConfigurationPlatforms) = preSolution
		Debug|Any CPU = Debug|Any CPU
		Debug|ARM = Debug|ARM
		Debug|x86 = Debug|x86
		Deployable|Any CPU = Deployable|Any CPU
		Deployable|ARM = Deployable|ARM
		Deployable|x86 = Deployable|x86
		Release|Any CPU = Release|Any CPU
		Release|ARM = Release|ARM
		Release|x86 = Release|x86
	EndGlobalSection
	GlobalSection(ProjectConfigurationPlatforms) = postSolution
		{D2B2DD97-8D91-4CD7-8820-C76FE5F20E71}.Debug|Any CPU.ActiveCfg = Debug|Any CPU
		{D2B2DD97-8D91-4CD7-8820-C76FE5F20E71}.Debug|Any CPU.Build.0 = Debug|Any CPU
		{D2B2DD97-8D91-4CD7-8820-C76FE5F20E71}.Debug|ARM.ActiveCfg = Debug|Any CPU
		{D2B2DD97-8D91-4CD7-8820-C76FE5F20E71}.Debug|x86.ActiveCfg = Debug|Any CPU
		{D2B2DD97-8D91-4CD7-8820-C76FE5F20E71}.Deployable|Any CPU.ActiveCfg = Debug|Any CPU
		{D2B2DD97-8D91-4CD7-8820-C76FE5F20E71}.Deployable|Any CPU.Build.0 = Debug|Any CPU
		{D2B2DD97-8D91-4CD7-8820-C76FE5F20E71}.Deployable|ARM.ActiveCfg = Debug|Any CPU
		{D2B2DD97-8D91-4CD7-8820-C76FE5F20E71}.Deployable|x86.ActiveCfg = Debug|Any CPU
		{D2B2DD97-8D91-4CD7-8820-C76FE5F20E71}.Release|Any CPU.ActiveCfg = Release|Any CPU
		{D2B2DD97-8D91-4CD7-8820-C76FE5F20E71}.Release|Any CPU.Build.0 = Release|Any CPU
		{D2B2DD97-8D91-4CD7-8820-C76FE5F20E71}.Release|ARM.ActiveCfg = Release|Any CPU
		{D2B2DD97-8D91-4CD7-8820-C76FE5F20E71}.Release|x86.ActiveCfg = Release|Any CPU
		{76DDAF2D-8652-4412-BD6B-1F2214589B1B}.Debug|Any CPU.ActiveCfg = Debug|Any CPU
		{76DDAF2D-8652-4412-BD6B-1F2214589B1B}.Debug|Any CPU.Build.0 = Debug|Any CPU
		{76DDAF2D-8652-4412-BD6B-1F2214589B1B}.Debug|ARM.ActiveCfg = Debug|Any CPU
		{76DDAF2D-8652-4412-BD6B-1F2214589B1B}.Debug|x86.ActiveCfg = Debug|Any CPU
		{76DDAF2D-8652-4412-BD6B-1F2214589B1B}.Deployable|Any CPU.ActiveCfg = Debug|Any CPU
		{76DDAF2D-8652-4412-BD6B-1F2214589B1B}.Deployable|Any CPU.Build.0 = Debug|Any CPU
		{76DDAF2D-8652-4412-BD6B-1F2214589B1B}.Deployable|ARM.ActiveCfg = Debug|Any CPU
		{76DDAF2D-8652-4412-BD6B-1F2214589B1B}.Deployable|x86.ActiveCfg = Debug|Any CPU
		{76DDAF2D-8652-4412-BD6B-1F2214589B1B}.Release|Any CPU.ActiveCfg = Release|Any CPU
		{76DDAF2D-8652-4412-BD6B-1F2214589B1B}.Release|Any CPU.Build.0 = Release|Any CPU
		{76DDAF2D-8652-4412-BD6B-1F2214589B1B}.Release|ARM.ActiveCfg = Release|Any CPU
		{76DDAF2D-8652-4412-BD6B-1F2214589B1B}.Release|x86.ActiveCfg = Release|Any CPU
		{6E7238AC-759B-40F6-97C8-7FC32554900E}.Debug|Any CPU.ActiveCfg = Debug|Any CPU
		{6E7238AC-759B-40F6-97C8-7FC32554900E}.Debug|Any CPU.Build.0 = Debug|Any CPU
		{6E7238AC-759B-40F6-97C8-7FC32554900E}.Debug|ARM.ActiveCfg = Debug|Any CPU
		{6E7238AC-759B-40F6-97C8-7FC32554900E}.Debug|x86.ActiveCfg = Debug|Any CPU
		{6E7238AC-759B-40F6-97C8-7FC32554900E}.Deployable|Any CPU.ActiveCfg = Debug|Any CPU
		{6E7238AC-759B-40F6-97C8-7FC32554900E}.Deployable|Any CPU.Build.0 = Debug|Any CPU
		{6E7238AC-759B-40F6-97C8-7FC32554900E}.Deployable|ARM.ActiveCfg = Debug|Any CPU
		{6E7238AC-759B-40F6-97C8-7FC32554900E}.Deployable|x86.ActiveCfg = Debug|Any CPU
		{6E7238AC-759B-40F6-97C8-7FC32554900E}.Release|Any CPU.ActiveCfg = Release|Any CPU
		{6E7238AC-759B-40F6-97C8-7FC32554900E}.Release|Any CPU.Build.0 = Release|Any CPU
		{6E7238AC-759B-40F6-97C8-7FC32554900E}.Release|ARM.ActiveCfg = Release|Any CPU
		{6E7238AC-759B-40F6-97C8-7FC32554900E}.Release|x86.ActiveCfg = Release|Any CPU
		{F1E40E1D-F62F-4FB3-8910-6B6D90C1D9C5}.Debug|Any CPU.ActiveCfg = Debug|Any CPU
		{F1E40E1D-F62F-4FB3-8910-6B6D90C1D9C5}.Debug|Any CPU.Build.0 = Debug|Any CPU
		{F1E40E1D-F62F-4FB3-8910-6B6D90C1D9C5}.Debug|ARM.ActiveCfg = Debug|Any CPU
		{F1E40E1D-F62F-4FB3-8910-6B6D90C1D9C5}.Debug|x86.ActiveCfg = Debug|Any CPU
		{F1E40E1D-F62F-4FB3-8910-6B6D90C1D9C5}.Deployable|Any CPU.ActiveCfg = Debug|Any CPU
		{F1E40E1D-F62F-4FB3-8910-6B6D90C1D9C5}.Deployable|Any CPU.Build.0 = Debug|Any CPU
		{F1E40E1D-F62F-4FB3-8910-6B6D90C1D9C5}.Deployable|ARM.ActiveCfg = Debug|Any CPU
		{F1E40E1D-F62F-4FB3-8910-6B6D90C1D9C5}.Deployable|x86.ActiveCfg = Debug|Any CPU
		{F1E40E1D-F62F-4FB3-8910-6B6D90C1D9C5}.Release|Any CPU.ActiveCfg = Release|Any CPU
		{F1E40E1D-F62F-4FB3-8910-6B6D90C1D9C5}.Release|Any CPU.Build.0 = Release|Any CPU
		{F1E40E1D-F62F-4FB3-8910-6B6D90C1D9C5}.Release|ARM.ActiveCfg = Release|Any CPU
		{F1E40E1D-F62F-4FB3-8910-6B6D90C1D9C5}.Release|x86.ActiveCfg = Release|Any CPU
		{63786CE5-D899-43DF-AD4E-C2CA3BAC3FC2}.Debug|Any CPU.ActiveCfg = Debug|Any CPU
		{63786CE5-D899-43DF-AD4E-C2CA3BAC3FC2}.Debug|Any CPU.Build.0 = Debug|Any CPU
		{63786CE5-D899-43DF-AD4E-C2CA3BAC3FC2}.Debug|ARM.ActiveCfg = Debug|Any CPU
		{63786CE5-D899-43DF-AD4E-C2CA3BAC3FC2}.Debug|x86.ActiveCfg = Debug|Any CPU
		{63786CE5-D899-43DF-AD4E-C2CA3BAC3FC2}.Deployable|Any CPU.ActiveCfg = Deployable|Any CPU
		{63786CE5-D899-43DF-AD4E-C2CA3BAC3FC2}.Deployable|Any CPU.Build.0 = Deployable|Any CPU
		{63786CE5-D899-43DF-AD4E-C2CA3BAC3FC2}.Deployable|ARM.ActiveCfg = Deployable|Any CPU
		{63786CE5-D899-43DF-AD4E-C2CA3BAC3FC2}.Deployable|x86.ActiveCfg = Deployable|Any CPU
		{63786CE5-D899-43DF-AD4E-C2CA3BAC3FC2}.Release|Any CPU.ActiveCfg = Release|Any CPU
		{63786CE5-D899-43DF-AD4E-C2CA3BAC3FC2}.Release|Any CPU.Build.0 = Release|Any CPU
		{63786CE5-D899-43DF-AD4E-C2CA3BAC3FC2}.Release|ARM.ActiveCfg = Release|Any CPU
		{63786CE5-D899-43DF-AD4E-C2CA3BAC3FC2}.Release|x86.ActiveCfg = Release|Any CPU
		{7FEAEC4A-FAD6-4C0E-A4B6-7840FF02E70B}.Debug|Any CPU.ActiveCfg = Debug|Any CPU
		{7FEAEC4A-FAD6-4C0E-A4B6-7840FF02E70B}.Debug|Any CPU.Build.0 = Debug|Any CPU
		{7FEAEC4A-FAD6-4C0E-A4B6-7840FF02E70B}.Debug|ARM.ActiveCfg = Debug|Any CPU
		{7FEAEC4A-FAD6-4C0E-A4B6-7840FF02E70B}.Debug|x86.ActiveCfg = Debug|Any CPU
		{7FEAEC4A-FAD6-4C0E-A4B6-7840FF02E70B}.Deployable|Any CPU.ActiveCfg = Debug|Any CPU
		{7FEAEC4A-FAD6-4C0E-A4B6-7840FF02E70B}.Deployable|Any CPU.Build.0 = Debug|Any CPU
		{7FEAEC4A-FAD6-4C0E-A4B6-7840FF02E70B}.Deployable|ARM.ActiveCfg = Debug|Any CPU
		{7FEAEC4A-FAD6-4C0E-A4B6-7840FF02E70B}.Deployable|x86.ActiveCfg = Debug|Any CPU
		{7FEAEC4A-FAD6-4C0E-A4B6-7840FF02E70B}.Release|Any CPU.ActiveCfg = Release|Any CPU
		{7FEAEC4A-FAD6-4C0E-A4B6-7840FF02E70B}.Release|Any CPU.Build.0 = Release|Any CPU
		{7FEAEC4A-FAD6-4C0E-A4B6-7840FF02E70B}.Release|ARM.ActiveCfg = Release|Any CPU
		{7FEAEC4A-FAD6-4C0E-A4B6-7840FF02E70B}.Release|x86.ActiveCfg = Release|Any CPU
		{5E21535F-27C7-41A5-8831-4276723A4397}.Debug|Any CPU.ActiveCfg = Debug|Any CPU
		{5E21535F-27C7-41A5-8831-4276723A4397}.Debug|Any CPU.Build.0 = Debug|Any CPU
		{5E21535F-27C7-41A5-8831-4276723A4397}.Debug|ARM.ActiveCfg = Debug|Any CPU
		{5E21535F-27C7-41A5-8831-4276723A4397}.Debug|x86.ActiveCfg = Debug|Any CPU
		{5E21535F-27C7-41A5-8831-4276723A4397}.Deployable|Any CPU.ActiveCfg = Debug|Any CPU
		{5E21535F-27C7-41A5-8831-4276723A4397}.Deployable|Any CPU.Build.0 = Debug|Any CPU
		{5E21535F-27C7-41A5-8831-4276723A4397}.Deployable|ARM.ActiveCfg = Debug|Any CPU
		{5E21535F-27C7-41A5-8831-4276723A4397}.Deployable|x86.ActiveCfg = Debug|Any CPU
		{5E21535F-27C7-41A5-8831-4276723A4397}.Release|Any CPU.ActiveCfg = Release|Any CPU
		{5E21535F-27C7-41A5-8831-4276723A4397}.Release|Any CPU.Build.0 = Release|Any CPU
		{5E21535F-27C7-41A5-8831-4276723A4397}.Release|ARM.ActiveCfg = Release|Any CPU
		{5E21535F-27C7-41A5-8831-4276723A4397}.Release|x86.ActiveCfg = Release|Any CPU
		{C977ED45-DF52-46BE-B889-B01113472751}.Debug|Any CPU.ActiveCfg = Debug|Any CPU
		{C977ED45-DF52-46BE-B889-B01113472751}.Debug|Any CPU.Build.0 = Debug|Any CPU
		{C977ED45-DF52-46BE-B889-B01113472751}.Debug|ARM.ActiveCfg = Debug|ARM
		{C977ED45-DF52-46BE-B889-B01113472751}.Debug|ARM.Build.0 = Debug|ARM
		{C977ED45-DF52-46BE-B889-B01113472751}.Debug|x86.ActiveCfg = Debug|x86
		{C977ED45-DF52-46BE-B889-B01113472751}.Debug|x86.Build.0 = Debug|x86
		{C977ED45-DF52-46BE-B889-B01113472751}.Deployable|Any CPU.ActiveCfg = Debug|Any CPU
		{C977ED45-DF52-46BE-B889-B01113472751}.Deployable|Any CPU.Build.0 = Debug|Any CPU
		{C977ED45-DF52-46BE-B889-B01113472751}.Deployable|ARM.ActiveCfg = Debug|ARM
		{C977ED45-DF52-46BE-B889-B01113472751}.Deployable|ARM.Build.0 = Debug|ARM
		{C977ED45-DF52-46BE-B889-B01113472751}.Deployable|x86.ActiveCfg = Debug|x86
		{C977ED45-DF52-46BE-B889-B01113472751}.Deployable|x86.Build.0 = Debug|x86
		{C977ED45-DF52-46BE-B889-B01113472751}.Release|Any CPU.ActiveCfg = Release|Any CPU
		{C977ED45-DF52-46BE-B889-B01113472751}.Release|Any CPU.Build.0 = Release|Any CPU
		{C977ED45-DF52-46BE-B889-B01113472751}.Release|ARM.ActiveCfg = Release|ARM
		{C977ED45-DF52-46BE-B889-B01113472751}.Release|ARM.Build.0 = Release|ARM
		{C977ED45-DF52-46BE-B889-B01113472751}.Release|x86.ActiveCfg = Release|x86
		{C977ED45-DF52-46BE-B889-B01113472751}.Release|x86.Build.0 = Release|x86
	EndGlobalSection
	GlobalSection(SolutionProperties) = preSolution
		HideSolutionNode = FALSE
	EndGlobalSection
	GlobalSection(NestedProjects) = preSolution
		{6E7238AC-759B-40F6-97C8-7FC32554900E} = {D462C517-68B6-4BBC-9F79-816EF4DF4580}
		{F1E40E1D-F62F-4FB3-8910-6B6D90C1D9C5} = {D462C517-68B6-4BBC-9F79-816EF4DF4580}
		{7FEAEC4A-FAD6-4C0E-A4B6-7840FF02E70B} = {D462C517-68B6-4BBC-9F79-816EF4DF4580}
		{C977ED45-DF52-46BE-B889-B01113472751} = {D462C517-68B6-4BBC-9F79-816EF4DF4580}
	EndGlobalSection
EndGlobal
